{
  "name": "aave-v3-builder",
  "version": "1.0.0",
  "lockfileVersion": 2,
  "requires": true,
  "packages": {
    "": {
      "name": "aave-v3-builder",
      "version": "1.0.0",
      "license": "MIT",
      "dependencies": {
        "@aave/core-v3": "^1.17.2"
      }
    },
    "node_modules/@aave/core-v3": {
      "version": "1.17.2",
      "resolved": "https://registry.npmjs.org/@aave/core-v3/-/core-v3-1.17.2.tgz",
      "integrity": "sha512-ztCyKTALoeOQy6MlWVRCvHgilh6vT+d6lwjXhIsmlEYlA0v3L6dQBIyTFIzHBUfcpEjs0T3tSmcVxGY+GAUZ1g==",
      "engines": {
        "node": ">=16.0.0"
      }
    }
  },
  "dependencies": {
    "@aave/core-v3": {
      "version": "1.17.2",
      "resolved": "https://registry.npmjs.org/@aave/core-v3/-/core-v3-1.17.2.tgz",
      "integrity": "sha512-ztCyKTALoeOQy6MlWVRCvHgilh6vT+d6lwjXhIsmlEYlA0v3L6dQBIyTFIzHBUfcpEjs0T3tSmcVxGY+GAUZ1g=="
    }
  }
}
